
Microsoft Visual Studio Solution File, Format Version 12.00
# Visual Studio Version 17
VisualStudioVersion = 17.9.34728.123
MinimumVisualStudioVersion = 10.0.40219.1
Project("{FAE04EC0-301F-11D3-BF4B-00C04F79EFBC}") = "tpmodul10_1302223070", "tpmodul10_1302223070\tpmodul10_1302223070.csproj", "{CC9153B2-5E36-42AA-9C7E-38C87187F934}"
EndProject
Global
	GlobalSection(SolutionConfigurationPlatforms) = preSolution
		Debug|Any CPU = Debug|Any CPU
		Release|Any CPU = Release|Any CPU
	EndGlobalSection
	GlobalSection(ProjectConfigurationPlatforms) = postSolution
		{CC9153B2-5E36-42AA-9C7E-38C87187F934}.Debug|Any CPU.ActiveCfg = Debug|Any CPU
		{CC9153B2-5E36-42AA-9C7E-38C87187F934}.Debug|Any CPU.Build.0 = Debug|Any CPU
		{CC9153B2-5E36-42AA-9C7E-38C87187F934}.Release|Any CPU.ActiveCfg = Release|Any CPU
		{CC9153B2-5E36-42AA-9C7E-38C87187F934}.Release|Any CPU.Build.0 = Release|Any CPU
	EndGlobalSection
	GlobalSection(SolutionProperties) = preSolution
		HideSolutionNode = FALSE
	EndGlobalSection
	GlobalSection(ExtensibilityGlobals) = postSolution
		SolutionGuid = {50F685F7-7DB9-4097-A81F-A2EBE05CC4DC}
	EndGlobalSection
EndGlobal
